// !$*UTF8*$!
{
	archiveVersion = 1;
	classes = {
	};
	objectVersion = 46;
	objects = {

/* Begin PBXBuildFile section */
		528C895EE7812D3F05478982 /* libPods-HCKitDemo.a in Frameworks */ = {isa = PBXBuildFile; fileRef = 2F0A162895825C094F79F293 /* libPods-HCKitDemo.a */; };
		BF49A0111ACF6D8A006DACF4 /* main.m in Sources */ = {isa = PBXBuildFile; fileRef = BF49A0101ACF6D8A006DACF4 /* main.m */; };
		BF49A0141ACF6D8A006DACF4 /* AppDelegate.m in Sources */ = {isa = PBXBuildFile; fileRef = BF49A0131ACF6D8A006DACF4 /* AppDelegate.m */; };
		BF49A0171ACF6D8A006DACF4 /* ViewController.m in Sources */ = {isa = PBXBuildFile; fileRef = BF49A0161ACF6D8A006DACF4 /* ViewController.m */; };
		BF49A01A1ACF6D8A006DACF4 /* Main.storyboard in Resources */ = {isa = PBXBuildFile; fileRef = BF49A0181ACF6D8A006DACF4 /* Main.storyboard */; };
		BF49A01C1ACF6D8A006DACF4 /* Images.xcassets in Resources */ = {isa = PBXBuildFile; fileRef = BF49A01B1ACF6D8A006DACF4 /* Images.xcassets */; };
		BF49A01F1ACF6D8A006DACF4 /* LaunchScreen.xib in Resources */ = {isa = PBXBuildFile; fileRef = BF49A01D1ACF6D8A006DACF4 /* LaunchScreen.xib */; };
		BF49A02B1ACF6D8A006DACF4 /* HCKitDemoTests.m in Sources */ = {isa = PBXBuildFile; fileRef = BF49A02A1ACF6D8A006DACF4 /* HCKitDemoTests.m */; };
		BF49A0531ACF6ECE006DACF4 /* HCBasicAsyncer.m in Sources */ = {isa = PBXBuildFile; fileRef = BF49A04A1ACF6ECE006DACF4 /* HCBasicAsyncer.m */; };
		BF49A0541ACF6ECE006DACF4 /* HCHTTPRequest.m in Sources */ = {isa = PBXBuildFile; fileRef = BF49A04C1ACF6ECE006DACF4 /* HCHTTPRequest.m */; };
		BF49A0551ACF6ECE006DACF4 /* HCRequestBaseApi.m in Sources */ = {isa = PBXBuildFile; fileRef = BF49A04E1ACF6ECE006DACF4 /* HCRequestBaseApi.m */; };
		BF49A09C1ACF72AE006DACF4 /* NSData+Extend.m in Sources */ = {isa = PBXBuildFile; fileRef = BF49A0831ACF72AE006DACF4 /* NSData+Extend.m */; };
		BF49A09D1ACF72AE006DACF4 /* NSDate+Extend.m in Sources */ = {isa = PBXBuildFile; fileRef = BF49A0851ACF72AE006DACF4 /* NSDate+Extend.m */; };
		BF49A09E1ACF72AE006DACF4 /* NSDate+ServerTime.m in Sources */ = {isa = PBXBuildFile; fileRef = BF49A0871ACF72AE006DACF4 /* NSDate+ServerTime.m */; };
		BF49A09F1ACF72AE006DACF4 /* NSObject+UserInfo.m in Sources */ = {isa = PBXBuildFile; fileRef = BF49A0891ACF72AE006DACF4 /* NSObject+UserInfo.m */; };
		BF49A0A01ACF72AE006DACF4 /* NSString+Extend.m in Sources */ = {isa = PBXBuildFile; fileRef = BF49A08B1ACF72AE006DACF4 /* NSString+Extend.m */; };
		BF49A0A11ACF72AE006DACF4 /* NSString+HXAddtions.m in Sources */ = {isa = PBXBuildFile; fileRef = BF49A08D1ACF72AE006DACF4 /* NSString+HXAddtions.m */; };
		BF49A0A21ACF72AE006DACF4 /* UIBarButtonItem+Extend.m in Sources */ = {isa = PBXBuildFile; fileRef = BF49A08F1ACF72AE006DACF4 /* UIBarButtonItem+Extend.m */; };
		BF49A0A31ACF72AE006DACF4 /* UIImage+Extend.m in Sources */ = {isa = PBXBuildFile; fileRef = BF49A0911ACF72AE006DACF4 /* UIImage+Extend.m */; };
		BF49A0A41ACF72AE006DACF4 /* UIImage+ImageBlur.m in Sources */ = {isa = PBXBuildFile; fileRef = BF49A0931ACF72AE006DACF4 /* UIImage+ImageBlur.m */; };
		BF49A0A51ACF72AE006DACF4 /* UILabel+Extend.m in Sources */ = {isa = PBXBuildFile; fileRef = BF49A0951ACF72AE006DACF4 /* UILabel+Extend.m */; };
		BF49A0A61ACF72AE006DACF4 /* UITableView+Appearance.m in Sources */ = {isa = PBXBuildFile; fileRef = BF49A0971ACF72AE006DACF4 /* UITableView+Appearance.m */; };
		BF49A0A71ACF72AE006DACF4 /* UITextView+Appearance.m in Sources */ = {isa = PBXBuildFile; fileRef = BF49A0991ACF72AE006DACF4 /* UITextView+Appearance.m */; };
		BF49A0A81ACF72AE006DACF4 /* UIView+Extend.m in Sources */ = {isa = PBXBuildFile; fileRef = BF49A09B1ACF72AE006DACF4 /* UIView+Extend.m */; };
		BF49A0AB1ACF748D006DACF4 /* back_black@2x.png in Resources */ = {isa = PBXBuildFile; fileRef = BF49A0AA1ACF748D006DACF4 /* back_black@2x.png */; };
		BF49A0B91ACF775E006DACF4 /* HCBaseDAO.m in Sources */ = {isa = PBXBuildFile; fileRef = BF49A0AE1ACF775E006DACF4 /* HCBaseDAO.m */; };
		BF49A0BA1ACF775E006DACF4 /* HCBaseDBHelper.m in Sources */ = {isa = PBXBuildFile; fileRef = BF49A0B01ACF775E006DACF4 /* HCBaseDBHelper.m */; };
		BF49A0BB1ACF775E006DACF4 /* HCDBManager.m in Sources */ = {isa = PBXBuildFile; fileRef = BF49A0B21ACF775E006DACF4 /* HCDBManager.m */; };
		BF49A0BC1ACF775E006DACF4 /* SQLBaseModel.m in Sources */ = {isa = PBXBuildFile; fileRef = BF49A0B41ACF775E006DACF4 /* SQLBaseModel.m */; };
		BF49A0BD1ACF775E006DACF4 /* SQLHelper.m in Sources */ = {isa = PBXBuildFile; fileRef = BF49A0B61ACF775E006DACF4 /* SQLHelper.m */; };
		BF49A0BE1ACF775E006DACF4 /* TestSQLBaseModel.m in Sources */ = {isa = PBXBuildFile; fileRef = BF49A0B81ACF775E006DACF4 /* TestSQLBaseModel.m */; };
		BF49A0C11ACF7C0D006DACF4 /* UIDevice+Resolutions.m in Sources */ = {isa = PBXBuildFile; fileRef = BF49A0C01ACF7C0D006DACF4 /* UIDevice+Resolutions.m */; };
		BF49A0CF1ACF7C5E006DACF4 /* HCDiskCache.m in Sources */ = {isa = PBXBuildFile; fileRef = BF49A0C41ACF7C5E006DACF4 /* HCDiskCache.m */; };
		BF49A0D01ACF7C5E006DACF4 /* HCProfileService.m in Sources */ = {isa = PBXBuildFile; fileRef = BF49A0C61ACF7C5E006DACF4 /* HCProfileService.m */; };
		BF49A0D11ACF7C5E006DACF4 /* PAImageProcessHelper.m in Sources */ = {isa = PBXBuildFile; fileRef = BF49A0C81ACF7C5E006DACF4 /* PAImageProcessHelper.m */; };
		BF49A0D21ACF7C5E006DACF4 /* PALinkButton.m in Sources */ = {isa = PBXBuildFile; fileRef = BF49A0CA1ACF7C5E006DACF4 /* PALinkButton.m */; };
		BF49A0D31ACF7C5E006DACF4 /* PAUserDiskCache.m in Sources */ = {isa = PBXBuildFile; fileRef = BF49A0CC1ACF7C5E006DACF4 /* PAUserDiskCache.m */; };
		BF49A0F31ACF823D006DACF4 /* PABlockingHUD.m in Sources */ = {isa = PBXBuildFile; fileRef = BF49A0E11ACF823D006DACF4 /* PABlockingHUD.m */; };
		BF49A0F41ACF823D006DACF4 /* PABlockingStrokeHUD.m in Sources */ = {isa = PBXBuildFile; fileRef = BF49A0E41ACF823D006DACF4 /* PABlockingStrokeHUD.m */; };
		BF49A0F51ACF823E006DACF4 /* PAHUD.m in Sources */ = {isa = PBXBuildFile; fileRef = BF49A0E61ACF823D006DACF4 /* PAHUD.m */; };
		BF49A0F61ACF823E006DACF4 /* PAHUDService.m in Sources */ = {isa = PBXBuildFile; fileRef = BF49A0E91ACF823D006DACF4 /* PAHUDService.m */; };
		BF49A0F71ACF823E006DACF4 /* PAPathView.m in Sources */ = {isa = PBXBuildFile; fileRef = BF49A0EB1ACF823D006DACF4 /* PAPathView.m */; };
		BF49A0F81ACF823E006DACF4 /* PAPromptHUD.m in Sources */ = {isa = PBXBuildFile; fileRef = BF49A0ED1ACF823D006DACF4 /* PAPromptHUD.m */; };
		BF49A0F91ACF823E006DACF4 /* PAStrokeHUDView.m in Sources */ = {isa = PBXBuildFile; fileRef = BF49A0F01ACF823D006DACF4 /* PAStrokeHUDView.m */; };
		BF49A0FA1ACF823E006DACF4 /* PASVPromptHUD.m in Sources */ = {isa = PBXBuildFile; fileRef = BF49A0F21ACF823D006DACF4 /* PASVPromptHUD.m */; };
		BF49A0FD1ACF875A006DACF4 /* BABasicViewController.m in Sources */ = {isa = PBXBuildFile; fileRef = BF49A0FC1ACF875A006DACF4 /* BABasicViewController.m */; };
		BF49A1051ACF97EE006DACF4 /* BABasicNavigationController.m in Sources */ = {isa = PBXBuildFile; fileRef = BF49A1021ACF97EE006DACF4 /* BABasicNavigationController.m */; };
		BF49A1061ACF97EE006DACF4 /* BABasicTableViewController.m in Sources */ = {isa = PBXBuildFile; fileRef = BF49A1041ACF97EE006DACF4 /* BABasicTableViewController.m */; };
/* End PBXBuildFile section */

/* Begin PBXContainerItemProxy section */
		BF49A0251ACF6D8A006DACF4 /* PBXContainerItemProxy */ = {
			isa = PBXContainerItemProxy;
			containerPortal = BF49A0031ACF6D8A006DACF4 /* Project object */;
			proxyType = 1;
			remoteGlobalIDString = BF49A00A1ACF6D8A006DACF4;
			remoteInfo = HCKitDemo;
		};
/* End PBXContainerItemProxy section */

/* Begin PBXFileReference section */
		0EB15A0EE5279A583128D2AA /* Pods-HCKitDemo.release.xcconfig */ = {isa = PBXFileReference; includeInIndex = 1; lastKnownFileType = text.xcconfig; name = "Pods-HCKitDemo.release.xcconfig"; path = "Pods/Target Support Files/Pods-HCKitDemo/Pods-HCKitDemo.release.xcconfig"; sourceTree = "<group>"; };
		2F0A162895825C094F79F293 /* libPods-HCKitDemo.a */ = {isa = PBXFileReference; explicitFileType = archive.ar; includeInIndex = 0; path = "libPods-HCKitDemo.a"; sourceTree = BUILT_PRODUCTS_DIR; };
		9A5A472FA7A8EED7707EFECC /* Pods-HCKitDemo.debug.xcconfig */ = {isa = PBXFileReference; includeInIndex = 1; lastKnownFileType = text.xcconfig; name = "Pods-HCKitDemo.debug.xcconfig"; path = "Pods/Target Support Files/Pods-HCKitDemo/Pods-HCKitDemo.debug.xcconfig"; sourceTree = "<group>"; };
		BF49A00B1ACF6D8A006DACF4 /* HCKitDemo.app */ = {isa = PBXFileReference; explicitFileType = wrapper.application; includeInIndex = 0; path = HCKitDemo.app; sourceTree = BUILT_PRODUCTS_DIR; };
		BF49A00F1ACF6D8A006DACF4 /* Info.plist */ = {isa = PBXFileReference; lastKnownFileType = text.plist.xml; path = Info.plist; sourceTree = "<group>"; };
		BF49A0101ACF6D8A006DACF4 /* main.m */ = {isa = PBXFileReference; lastKnownFileType = sourcecode.c.objc; path = main.m; sourceTree = "<group>"; };
		BF49A0121ACF6D8A006DACF4 /* AppDelegate.h */ = {isa = PBXFileReference; lastKnownFileType = sourcecode.c.h; path = AppDelegate.h; sourceTree = "<group>"; };
		BF49A0131ACF6D8A006DACF4 /* AppDelegate.m */ = {isa = PBXFileReference; lastKnownFileType = sourcecode.c.objc; path = AppDelegate.m; sourceTree = "<group>"; };
		BF49A0151ACF6D8A006DACF4 /* ViewController.h */ = {isa = PBXFileReference; lastKnownFileType = sourcecode.c.h; path = ViewController.h; sourceTree = "<group>"; };
		BF49A0161ACF6D8A006DACF4 /* ViewController.m */ = {isa = PBXFileReference; lastKnownFileType = sourcecode.c.objc; path = ViewController.m; sourceTree = "<group>"; };
		BF49A0191ACF6D8A006DACF4 /* Base */ = {isa = PBXFileReference; lastKnownFileType = file.storyboard; name = Base; path = Base.lproj/Main.storyboard; sourceTree = "<group>"; };
		BF49A01B1ACF6D8A006DACF4 /* Images.xcassets */ = {isa = PBXFileReference; lastKnownFileType = folder.assetcatalog; path = Images.xcassets; sourceTree = "<group>"; };
		BF49A01E1ACF6D8A006DACF4 /* Base */ = {isa = PBXFileReference; lastKnownFileType = file.xib; name = Base; path = Base.lproj/LaunchScreen.xib; sourceTree = "<group>"; };
		BF49A0241ACF6D8A006DACF4 /* HCKitDemoTests.xctest */ = {isa = PBXFileReference; explicitFileType = wrapper.cfbundle; includeInIndex = 0; path = HCKitDemoTests.xctest; sourceTree = BUILT_PRODUCTS_DIR; };
		BF49A0291ACF6D8A006DACF4 /* Info.plist */ = {isa = PBXFileReference; lastKnownFileType = text.plist.xml; path = Info.plist; sourceTree = "<group>"; };
		BF49A02A1ACF6D8A006DACF4 /* HCKitDemoTests.m */ = {isa = PBXFileReference; lastKnownFileType = sourcecode.c.objc; path = HCKitDemoTests.m; sourceTree = "<group>"; };
		BF49A0461ACF6ECE006DACF4 /* HCKit.h */ = {isa = PBXFileReference; fileEncoding = 4; lastKnownFileType = sourcecode.c.h; path = HCKit.h; sourceTree = "<group>"; };
		BF49A0481ACF6ECE006DACF4 /* Asyncing.h */ = {isa = PBXFileReference; fileEncoding = 4; lastKnownFileType = sourcecode.c.h; path = Asyncing.h; sourceTree = "<group>"; };
		BF49A0491ACF6ECE006DACF4 /* HCBasicAsyncer.h */ = {isa = PBXFileReference; fileEncoding = 4; lastKnownFileType = sourcecode.c.h; path = HCBasicAsyncer.h; sourceTree = "<group>"; };
		BF49A04A1ACF6ECE006DACF4 /* HCBasicAsyncer.m */ = {isa = PBXFileReference; fileEncoding = 4; lastKnownFileType = sourcecode.c.objc; path = HCBasicAsyncer.m; sourceTree = "<group>"; };
		BF49A04B1ACF6ECE006DACF4 /* HCHTTPRequest.h */ = {isa = PBXFileReference; fileEncoding = 4; lastKnownFileType = sourcecode.c.h; path = HCHTTPRequest.h; sourceTree = "<group>"; };
		BF49A04C1ACF6ECE006DACF4 /* HCHTTPRequest.m */ = {isa = PBXFileReference; fileEncoding = 4; lastKnownFileType = sourcecode.c.objc; path = HCHTTPRequest.m; sourceTree = "<group>"; };
		BF49A04D1ACF6ECE006DACF4 /* HCRequestBaseApi.h */ = {isa = PBXFileReference; fileEncoding = 4; lastKnownFileType = sourcecode.c.h; path = HCRequestBaseApi.h; sourceTree = "<group>"; };
		BF49A04E1ACF6ECE006DACF4 /* HCRequestBaseApi.m */ = {isa = PBXFileReference; fileEncoding = 4; lastKnownFileType = sourcecode.c.objc; path = HCRequestBaseApi.m; sourceTree = "<group>"; };
		BF49A0501ACF6ECE006DACF4 /* HCUtilityFuc.h */ = {isa = PBXFileReference; fileEncoding = 4; lastKnownFileType = sourcecode.c.h; path = HCUtilityFuc.h; sourceTree = "<group>"; };
		BF49A0521ACF6ECE006DACF4 /* HCUtilityMacro.h */ = {isa = PBXFileReference; fileEncoding = 4; lastKnownFileType = sourcecode.c.h; path = HCUtilityMacro.h; sourceTree = "<group>"; };
		BF49A0811ACF72AE006DACF4 /* CommonCategory.h */ = {isa = PBXFileReference; fileEncoding = 4; lastKnownFileType = sourcecode.c.h; path = CommonCategory.h; sourceTree = "<group>"; };
		BF49A0821ACF72AE006DACF4 /* NSData+Extend.h */ = {isa = PBXFileReference; fileEncoding = 4; lastKnownFileType = sourcecode.c.h; path = "NSData+Extend.h"; sourceTree = "<group>"; };
		BF49A0831ACF72AE006DACF4 /* NSData+Extend.m */ = {isa = PBXFileReference; fileEncoding = 4; lastKnownFileType = sourcecode.c.objc; path = "NSData+Extend.m"; sourceTree = "<group>"; };
		BF49A0841ACF72AE006DACF4 /* NSDate+Extend.h */ = {isa = PBXFileReference; fileEncoding = 4; lastKnownFileType = sourcecode.c.h; path = "NSDate+Extend.h"; sourceTree = "<group>"; };
		BF49A0851ACF72AE006DACF4 /* NSDate+Extend.m */ = {isa = PBXFileReference; fileEncoding = 4; lastKnownFileType = sourcecode.c.objc; path = "NSDate+Extend.m"; sourceTree = "<group>"; };
		BF49A0861ACF72AE006DACF4 /* NSDate+ServerTime.h */ = {isa = PBXFileReference; fileEncoding = 4; lastKnownFileType = sourcecode.c.h; path = "NSDate+ServerTime.h"; sourceTree = "<group>"; };
		BF49A0871ACF72AE006DACF4 /* NSDate+ServerTime.m */ = {isa = PBXFileReference; fileEncoding = 4; lastKnownFileType = sourcecode.c.objc; path = "NSDate+ServerTime.m"; sourceTree = "<group>"; };
		BF49A0881ACF72AE006DACF4 /* NSObject+UserInfo.h */ = {isa = PBXFileReference; fileEncoding = 4; lastKnownFileType = sourcecode.c.h; path = "NSObject+UserInfo.h"; sourceTree = "<group>"; };
		BF49A0891ACF72AE006DACF4 /* NSObject+UserInfo.m */ = {isa = PBXFileReference; fileEncoding = 4; lastKnownFileType = sourcecode.c.objc; path = "NSObject+UserInfo.m"; sourceTree = "<group>"; };
		BF49A08A1ACF72AE006DACF4 /* NSString+Extend.h */ = {isa = PBXFileReference; fileEncoding = 4; lastKnownFileType = sourcecode.c.h; path = "NSString+Extend.h"; sourceTree = "<group>"; };
		BF49A08B1ACF72AE006DACF4 /* NSString+Extend.m */ = {isa = PBXFileReference; fileEncoding = 4; lastKnownFileType = sourcecode.c.objc; path = "NSString+Extend.m"; sourceTree = "<group>"; };
		BF49A08C1ACF72AE006DACF4 /* NSString+HXAddtions.h */ = {isa = PBXFileReference; fileEncoding = 4; lastKnownFileType = sourcecode.c.h; path = "NSString+HXAddtions.h"; sourceTree = "<group>"; };
		BF49A08D1ACF72AE006DACF4 /* NSString+HXAddtions.m */ = {isa = PBXFileReference; fileEncoding = 4; lastKnownFileType = sourcecode.c.objc; path = "NSString+HXAddtions.m"; sourceTree = "<group>"; };
		BF49A08E1ACF72AE006DACF4 /* UIBarButtonItem+Extend.h */ = {isa = PBXFileReference; fileEncoding = 4; lastKnownFileType = sourcecode.c.h; path = "UIBarButtonItem+Extend.h"; sourceTree = "<group>"; };
		BF49A08F1ACF72AE006DACF4 /* UIBarButtonItem+Extend.m */ = {isa = PBXFileReference; fileEncoding = 4; lastKnownFileType = sourcecode.c.objc; path = "UIBarButtonItem+Extend.m"; sourceTree = "<group>"; };
		BF49A0901ACF72AE006DACF4 /* UIImage+Extend.h */ = {isa = PBXFileReference; fileEncoding = 4; lastKnownFileType = sourcecode.c.h; path = "UIImage+Extend.h"; sourceTree = "<group>"; };
		BF49A0911ACF72AE006DACF4 /* UIImage+Extend.m */ = {isa = PBXFileReference; fileEncoding = 4; lastKnownFileType = sourcecode.c.objc; path = "UIImage+Extend.m"; sourceTree = "<group>"; };
		BF49A0921ACF72AE006DACF4 /* UIImage+ImageBlur.h */ = {isa = PBXFileReference; fileEncoding = 4; lastKnownFileType = sourcecode.c.h; path = "UIImage+ImageBlur.h"; sourceTree = "<group>"; };
		BF49A0931ACF72AE006DACF4 /* UIImage+ImageBlur.m */ = {isa = PBXFileReference; fileEncoding = 4; lastKnownFileType = sourcecode.c.objc; path = "UIImage+ImageBlur.m"; sourceTree = "<group>"; };
		BF49A0941ACF72AE006DACF4 /* UILabel+Extend.h */ = {isa = PBXFileReference; fileEncoding = 4; lastKnownFileType = sourcecode.c.h; path = "UILabel+Extend.h"; sourceTree = "<group>"; };
		BF49A0951ACF72AE006DACF4 /* UILabel+Extend.m */ = {isa = PBXFileReference; fileEncoding = 4; lastKnownFileType = sourcecode.c.objc; path = "UILabel+Extend.m"; sourceTree = "<group>"; };
		BF49A0961ACF72AE006DACF4 /* UITableView+Appearance.h */ = {isa = PBXFileReference; fileEncoding = 4; lastKnownFileType = sourcecode.c.h; path = "UITableView+Appearance.h"; sourceTree = "<group>"; };
		BF49A0971ACF72AE006DACF4 /* UITableView+Appearance.m */ = {isa = PBXFileReference; fileEncoding = 4; lastKnownFileType = sourcecode.c.objc; path = "UITableView+Appearance.m"; sourceTree = "<group>"; };
		BF49A0981ACF72AE006DACF4 /* UITextView+Appearance.h */ = {isa = PBXFileReference; fileEncoding = 4; lastKnownFileType = sourcecode.c.h; path = "UITextView+Appearance.h"; sourceTree = "<group>"; };
		BF49A0991ACF72AE006DACF4 /* UITextView+Appearance.m */ = {isa = PBXFileReference; fileEncoding = 4; lastKnownFileType = sourcecode.c.objc; path = "UITextView+Appearance.m"; sourceTree = "<group>"; };
		BF49A09A1ACF72AE006DACF4 /* UIView+Extend.h */ = {isa = PBXFileReference; fileEncoding = 4; lastKnownFileType = sourcecode.c.h; path = "UIView+Extend.h"; sourceTree = "<group>"; };
		BF49A09B1ACF72AE006DACF4 /* UIView+Extend.m */ = {isa = PBXFileReference; fileEncoding = 4; lastKnownFileType = sourcecode.c.objc; path = "UIView+Extend.m"; sourceTree = "<group>"; };
		BF49A0AA1ACF748D006DACF4 /* back_black@2x.png */ = {isa = PBXFileReference; lastKnownFileType = image.png; path = "back_black@2x.png"; sourceTree = "<group>"; };
		BF49A0AD1ACF775E006DACF4 /* HCBaseDAO.h */ = {isa = PBXFileReference; fileEncoding = 4; lastKnownFileType = sourcecode.c.h; path = HCBaseDAO.h; sourceTree = "<group>"; };
		BF49A0AE1ACF775E006DACF4 /* HCBaseDAO.m */ = {isa = PBXFileReference; fileEncoding = 4; lastKnownFileType = sourcecode.c.objc; path = HCBaseDAO.m; sourceTree = "<group>"; };
		BF49A0AF1ACF775E006DACF4 /* HCBaseDBHelper.h */ = {isa = PBXFileReference; fileEncoding = 4; lastKnownFileType = sourcecode.c.h; path = HCBaseDBHelper.h; sourceTree = "<group>"; };
		BF49A0B01ACF775E006DACF4 /* HCBaseDBHelper.m */ = {isa = PBXFileReference; fileEncoding = 4; lastKnownFileType = sourcecode.c.objc; path = HCBaseDBHelper.m; sourceTree = "<group>"; };
		BF49A0B11ACF775E006DACF4 /* HCDBManager.h */ = {isa = PBXFileReference; fileEncoding = 4; lastKnownFileType = sourcecode.c.h; path = HCDBManager.h; sourceTree = "<group>"; };
		BF49A0B21ACF775E006DACF4 /* HCDBManager.m */ = {isa = PBXFileReference; fileEncoding = 4; lastKnownFileType = sourcecode.c.objc; path = HCDBManager.m; sourceTree = "<group>"; };
		BF49A0B31ACF775E006DACF4 /* SQLBaseModel.h */ = {isa = PBXFileReference; fileEncoding = 4; lastKnownFileType = sourcecode.c.h; path = SQLBaseModel.h; sourceTree = "<group>"; };
		BF49A0B41ACF775E006DACF4 /* SQLBaseModel.m */ = {isa = PBXFileReference; fileEncoding = 4; lastKnownFileType = sourcecode.c.objc; path = SQLBaseModel.m; sourceTree = "<group>"; };
		BF49A0B51ACF775E006DACF4 /* SQLHelper.h */ = {isa = PBXFileReference; fileEncoding = 4; lastKnownFileType = sourcecode.c.h; path = SQLHelper.h; sourceTree = "<group>"; };
		BF49A0B61ACF775E006DACF4 /* SQLHelper.m */ = {isa = PBXFileReference; fileEncoding = 4; lastKnownFileType = sourcecode.c.objc; path = SQLHelper.m; sourceTree = "<group>"; };
		BF49A0B71ACF775E006DACF4 /* TestSQLBaseModel.h */ = {isa = PBXFileReference; fileEncoding = 4; lastKnownFileType = sourcecode.c.h; path = TestSQLBaseModel.h; sourceTree = "<group>"; };
		BF49A0B81ACF775E006DACF4 /* TestSQLBaseModel.m */ = {isa = PBXFileReference; fileEncoding = 4; lastKnownFileType = sourcecode.c.objc; path = TestSQLBaseModel.m; sourceTree = "<group>"; };
		BF49A0BF1ACF7C0D006DACF4 /* UIDevice+Resolutions.h */ = {isa = PBXFileReference; fileEncoding = 4; lastKnownFileType = sourcecode.c.h; path = "UIDevice+Resolutions.h"; sourceTree = "<group>"; };
		BF49A0C01ACF7C0D006DACF4 /* UIDevice+Resolutions.m */ = {isa = PBXFileReference; fileEncoding = 4; lastKnownFileType = sourcecode.c.objc; path = "UIDevice+Resolutions.m"; sourceTree = "<group>"; };
		BF49A0C31ACF7C5E006DACF4 /* HCDiskCache.h */ = {isa = PBXFileReference; fileEncoding = 4; lastKnownFileType = sourcecode.c.h; path = HCDiskCache.h; sourceTree = "<group>"; };
		BF49A0C41ACF7C5E006DACF4 /* HCDiskCache.m */ = {isa = PBXFileReference; fileEncoding = 4; lastKnownFileType = sourcecode.c.objc; path = HCDiskCache.m; sourceTree = "<group>"; };
		BF49A0C51ACF7C5E006DACF4 /* HCProfileService.h */ = {isa = PBXFileReference; fileEncoding = 4; lastKnownFileType = sourcecode.c.h; path = HCProfileService.h; sourceTree = "<group>"; };
		BF49A0C61ACF7C5E006DACF4 /* HCProfileService.m */ = {isa = PBXFileReference; fileEncoding = 4; lastKnownFileType = sourcecode.c.objc; path = HCProfileService.m; sourceTree = "<group>"; };
		BF49A0C71ACF7C5E006DACF4 /* PAImageProcessHelper.h */ = {isa = PBXFileReference; fileEncoding = 4; lastKnownFileType = sourcecode.c.h; path = PAImageProcessHelper.h; sourceTree = "<group>"; };
		BF49A0C81ACF7C5E006DACF4 /* PAImageProcessHelper.m */ = {isa = PBXFileReference; fileEncoding = 4; lastKnownFileType = sourcecode.c.objc; path = PAImageProcessHelper.m; sourceTree = "<group>"; };
		BF49A0C91ACF7C5E006DACF4 /* PALinkButton.h */ = {isa = PBXFileReference; fileEncoding = 4; lastKnownFileType = sourcecode.c.h; path = PALinkButton.h; sourceTree = "<group>"; };
		BF49A0CA1ACF7C5E006DACF4 /* PALinkButton.m */ = {isa = PBXFileReference; fileEncoding = 4; lastKnownFileType = sourcecode.c.objc; path = PALinkButton.m; sourceTree = "<group>"; };
		BF49A0CB1ACF7C5E006DACF4 /* PAUserDiskCache.h */ = {isa = PBXFileReference; fileEncoding = 4; lastKnownFileType = sourcecode.c.h; path = PAUserDiskCache.h; sourceTree = "<group>"; };
		BF49A0CC1ACF7C5E006DACF4 /* PAUserDiskCache.m */ = {isa = PBXFileReference; fileEncoding = 4; lastKnownFileType = sourcecode.c.objc; path = PAUserDiskCache.m; sourceTree = "<group>"; };
		BF49A0E01ACF823D006DACF4 /* PABlockingHUD.h */ = {isa = PBXFileReference; fileEncoding = 4; lastKnownFileType = sourcecode.c.h; path = PABlockingHUD.h; sourceTree = "<group>"; };
		BF49A0E11ACF823D006DACF4 /* PABlockingHUD.m */ = {isa = PBXFileReference; fileEncoding = 4; lastKnownFileType = sourcecode.c.objc; path = PABlockingHUD.m; sourceTree = "<group>"; };
		BF49A0E21ACF823D006DACF4 /* PABlockingHUDDelegate.h */ = {isa = PBXFileReference; fileEncoding = 4; lastKnownFileType = sourcecode.c.h; path = PABlockingHUDDelegate.h; sourceTree = "<group>"; };
		BF49A0E31ACF823D006DACF4 /* PABlockingStrokeHUD.h */ = {isa = PBXFileReference; fileEncoding = 4; lastKnownFileType = sourcecode.c.h; path = PABlockingStrokeHUD.h; sourceTree = "<group>"; };
		BF49A0E41ACF823D006DACF4 /* PABlockingStrokeHUD.m */ = {isa = PBXFileReference; fileEncoding = 4; lastKnownFileType = sourcecode.c.objc; path = PABlockingStrokeHUD.m; sourceTree = "<group>"; };
		BF49A0E51ACF823D006DACF4 /* PAHUD.h */ = {isa = PBXFileReference; fileEncoding = 4; lastKnownFileType = sourcecode.c.h; path = PAHUD.h; sourceTree = "<group>"; };
		BF49A0E61ACF823D006DACF4 /* PAHUD.m */ = {isa = PBXFileReference; fileEncoding = 4; lastKnownFileType = sourcecode.c.objc; path = PAHUD.m; sourceTree = "<group>"; };
		BF49A0E71ACF823D006DACF4 /* PAHUDCommon.h */ = {isa = PBXFileReference; fileEncoding = 4; lastKnownFileType = sourcecode.c.h; path = PAHUDCommon.h; sourceTree = "<group>"; };
		BF49A0E81ACF823D006DACF4 /* PAHUDService.h */ = {isa = PBXFileReference; fileEncoding = 4; lastKnownFileType = sourcecode.c.h; path = PAHUDService.h; sourceTree = "<group>"; };
		BF49A0E91ACF823D006DACF4 /* PAHUDService.m */ = {isa = PBXFileReference; fileEncoding = 4; lastKnownFileType = sourcecode.c.objc; path = PAHUDService.m; sourceTree = "<group>"; };
		BF49A0EA1ACF823D006DACF4 /* PAPathView.h */ = {isa = PBXFileReference; fileEncoding = 4; lastKnownFileType = sourcecode.c.h; path = PAPathView.h; sourceTree = "<group>"; };
		BF49A0EB1ACF823D006DACF4 /* PAPathView.m */ = {isa = PBXFileReference; fileEncoding = 4; lastKnownFileType = sourcecode.c.objc; path = PAPathView.m; sourceTree = "<group>"; };
		BF49A0EC1ACF823D006DACF4 /* PAPromptHUD.h */ = {isa = PBXFileReference; fileEncoding = 4; lastKnownFileType = sourcecode.c.h; path = PAPromptHUD.h; sourceTree = "<group>"; };
		BF49A0ED1ACF823D006DACF4 /* PAPromptHUD.m */ = {isa = PBXFileReference; fileEncoding = 4; lastKnownFileType = sourcecode.c.objc; path = PAPromptHUD.m; sourceTree = "<group>"; };
		BF49A0EE1ACF823D006DACF4 /* PAPromptHUDDelegate.h */ = {isa = PBXFileReference; fileEncoding = 4; lastKnownFileType = sourcecode.c.h; path = PAPromptHUDDelegate.h; sourceTree = "<group>"; };
		BF49A0EF1ACF823D006DACF4 /* PAStrokeHUDView.h */ = {isa = PBXFileReference; fileEncoding = 4; lastKnownFileType = sourcecode.c.h; path = PAStrokeHUDView.h; sourceTree = "<group>"; };
		BF49A0F01ACF823D006DACF4 /* PAStrokeHUDView.m */ = {isa = PBXFileReference; fileEncoding = 4; lastKnownFileType = sourcecode.c.objc; path = PAStrokeHUDView.m; sourceTree = "<group>"; };
		BF49A0F11ACF823D006DACF4 /* PASVPromptHUD.h */ = {isa = PBXFileReference; fileEncoding = 4; lastKnownFileType = sourcecode.c.h; path = PASVPromptHUD.h; sourceTree = "<group>"; };
		BF49A0F21ACF823D006DACF4 /* PASVPromptHUD.m */ = {isa = PBXFileReference; fileEncoding = 4; lastKnownFileType = sourcecode.c.objc; path = PASVPromptHUD.m; sourceTree = "<group>"; };
		BF49A0FB1ACF875A006DACF4 /* BABasicViewController.h */ = {isa = PBXFileReference; fileEncoding = 4; lastKnownFileType = sourcecode.c.h; path = BABasicViewController.h; sourceTree = "<group>"; };
		BF49A0FC1ACF875A006DACF4 /* BABasicViewController.m */ = {isa = PBXFileReference; fileEncoding = 4; lastKnownFileType = sourcecode.c.objc; path = BABasicViewController.m; sourceTree = "<group>"; };
		BF49A0FE1ACF8BA9006DACF4 /* HCKit-Prefix.pch */ = {isa = PBXFileReference; lastKnownFileType = sourcecode.c.h; path = "HCKit-Prefix.pch"; sourceTree = "<group>"; };
		BF49A1011ACF97EE006DACF4 /* BABasicNavigationController.h */ = {isa = PBXFileReference; fileEncoding = 4; lastKnownFileType = sourcecode.c.h; path = BABasicNavigationController.h; sourceTree = "<group>"; };
		BF49A1021ACF97EE006DACF4 /* BABasicNavigationController.m */ = {isa = PBXFileReference; fileEncoding = 4; lastKnownFileType = sourcecode.c.objc; path = BABasicNavigationController.m; sourceTree = "<group>"; };
		BF49A1031ACF97EE006DACF4 /* BABasicTableViewController.h */ = {isa = PBXFileReference; fileEncoding = 4; lastKnownFileType = sourcecode.c.h; path = BABasicTableViewController.h; sourceTree = "<group>"; };
		BF49A1041ACF97EE006DACF4 /* BABasicTableViewController.m */ = {isa = PBXFileReference; fileEncoding = 4; lastKnownFileType = sourcecode.c.objc; path = BABasicTableViewController.m; sourceTree = "<group>"; };
/* End PBXFileReference section */

/* Begin PBXFrameworksBuildPhase section */
		BF49A0081ACF6D8A006DACF4 /* Frameworks */ = {
			isa = PBXFrameworksBuildPhase;
			buildActionMask = 2147483647;
			files = (
				528C895EE7812D3F05478982 /* libPods-HCKitDemo.a in Frameworks */,
			);
			runOnlyForDeploymentPostprocessing = 0;
		};
		BF49A0211ACF6D8A006DACF4 /* Frameworks */ = {
			isa = PBXFrameworksBuildPhase;
			buildActionMask = 2147483647;
			files = (
			);
			runOnlyForDeploymentPostprocessing = 0;
		};
/* End PBXFrameworksBuildPhase section */

/* Begin PBXGroup section */
		A26185862CBFF13EBB6A641E /* Frameworks */ = {
			isa = PBXGroup;
			children = (
				2F0A162895825C094F79F293 /* libPods-HCKitDemo.a */,
			);
			name = Frameworks;
			sourceTree = "<group>";
		};
		BF49A0021ACF6D8A006DACF4 = {
			isa = PBXGroup;
			children = (
				BF49A00D1ACF6D8A006DACF4 /* HCKitDemo */,
				BF49A0271ACF6D8A006DACF4 /* HCKitDemoTests */,
				BF49A00C1ACF6D8A006DACF4 /* Products */,
				DC8B942C61BC59EC4219EB0D /* Pods */,
				A26185862CBFF13EBB6A641E /* Frameworks */,
			);
			sourceTree = "<group>";
		};
		BF49A00C1ACF6D8A006DACF4 /* Products */ = {
			isa = PBXGroup;
			children = (
				BF49A00B1ACF6D8A006DACF4 /* HCKitDemo.app */,
				BF49A0241ACF6D8A006DACF4 /* HCKitDemoTests.xctest */,
			);
			name = Products;
			sourceTree = "<group>";
		};
		BF49A00D1ACF6D8A006DACF4 /* HCKitDemo */ = {
			isa = PBXGroup;
			children = (
				BF49A0451ACF6ECE006DACF4 /* HCKit */,
				BF49A0121ACF6D8A006DACF4 /* AppDelegate.h */,
				BF49A0131ACF6D8A006DACF4 /* AppDelegate.m */,
				BF49A0151ACF6D8A006DACF4 /* ViewController.h */,
				BF49A0161ACF6D8A006DACF4 /* ViewController.m */,
				BF49A0181ACF6D8A006DACF4 /* Main.storyboard */,
				BF49A01B1ACF6D8A006DACF4 /* Images.xcassets */,
				BF49A01D1ACF6D8A006DACF4 /* LaunchScreen.xib */,
				BF49A00E1ACF6D8A006DACF4 /* Supporting Files */,
			);
			path = HCKitDemo;
			sourceTree = "<group>";
		};
		BF49A00E1ACF6D8A006DACF4 /* Supporting Files */ = {
			isa = PBXGroup;
			children = (
				BF49A00F1ACF6D8A006DACF4 /* Info.plist */,
				BF49A0101ACF6D8A006DACF4 /* main.m */,
				BF49A0FE1ACF8BA9006DACF4 /* HCKit-Prefix.pch */,
			);
			name = "Supporting Files";
			sourceTree = "<group>";
		};
		BF49A0271ACF6D8A006DACF4 /* HCKitDemoTests */ = {
			isa = PBXGroup;
			children = (
				BF49A02A1ACF6D8A006DACF4 /* HCKitDemoTests.m */,
				BF49A0281ACF6D8A006DACF4 /* Supporting Files */,
			);
			path = HCKitDemoTests;
			sourceTree = "<group>";
		};
		BF49A0281ACF6D8A006DACF4 /* Supporting Files */ = {
			isa = PBXGroup;
			children = (
				BF49A0291ACF6D8A006DACF4 /* Info.plist */,
			);
			name = "Supporting Files";
			sourceTree = "<group>";
		};
		BF49A0451ACF6ECE006DACF4 /* HCKit */ = {
			isa = PBXGroup;
			children = (
				BF49A0DF1ACF823D006DACF4 /* HUDService */,
				BF49A0D51ACF7CBA006DACF4 /* baseViewControllers */,
				BF49A0C21ACF7C5E006DACF4 /* classes */,
				BF49A0AC1ACF775E006DACF4 /* HCSQLHelp */,
				BF49A0A91ACF748D006DACF4 /* sources */,
				BF49A0801ACF72AE006DACF4 /* CommonCategory */,
				BF49A0461ACF6ECE006DACF4 /* HCKit.h */,
				BF49A0471ACF6ECE006DACF4 /* RequestApi */,
				BF49A04F1ACF6ECE006DACF4 /* utility */,
			);
			path = HCKit;
			sourceTree = "<group>";
		};
		BF49A0471ACF6ECE006DACF4 /* RequestApi */ = {
			isa = PBXGroup;
			children = (
				BF49A0481ACF6ECE006DACF4 /* Asyncing.h */,
				BF49A0491ACF6ECE006DACF4 /* HCBasicAsyncer.h */,
				BF49A04A1ACF6ECE006DACF4 /* HCBasicAsyncer.m */,
				BF49A04B1ACF6ECE006DACF4 /* HCHTTPRequest.h */,
				BF49A04C1ACF6ECE006DACF4 /* HCHTTPRequest.m */,
				BF49A04D1ACF6ECE006DACF4 /* HCRequestBaseApi.h */,
				BF49A04E1ACF6ECE006DACF4 /* HCRequestBaseApi.m */,
			);
			path = RequestApi;
			sourceTree = "<group>";
		};
		BF49A04F1ACF6ECE006DACF4 /* utility */ = {
			isa = PBXGroup;
			children = (
				BF49A0501ACF6ECE006DACF4 /* HCUtilityFuc.h */,
				BF49A0521ACF6ECE006DACF4 /* HCUtilityMacro.h */,
			);
			path = utility;
			sourceTree = "<group>";
		};
		BF49A0801ACF72AE006DACF4 /* CommonCategory */ = {
			isa = PBXGroup;
			children = (
				BF49A0811ACF72AE006DACF4 /* CommonCategory.h */,
				BF49A0821ACF72AE006DACF4 /* NSData+Extend.h */,
				BF49A0831ACF72AE006DACF4 /* NSData+Extend.m */,
				BF49A0841ACF72AE006DACF4 /* NSDate+Extend.h */,
				BF49A0851ACF72AE006DACF4 /* NSDate+Extend.m */,
				BF49A0861ACF72AE006DACF4 /* NSDate+ServerTime.h */,
				BF49A0871ACF72AE006DACF4 /* NSDate+ServerTime.m */,
				BF49A0881ACF72AE006DACF4 /* NSObject+UserInfo.h */,
				BF49A0891ACF72AE006DACF4 /* NSObject+UserInfo.m */,
				BF49A08A1ACF72AE006DACF4 /* NSString+Extend.h */,
				BF49A08B1ACF72AE006DACF4 /* NSString+Extend.m */,
				BF49A08C1ACF72AE006DACF4 /* NSString+HXAddtions.h */,
				BF49A08D1ACF72AE006DACF4 /* NSString+HXAddtions.m */,
				BF49A08E1ACF72AE006DACF4 /* UIBarButtonItem+Extend.h */,
				BF49A08F1ACF72AE006DACF4 /* UIBarButtonItem+Extend.m */,
				BF49A0901ACF72AE006DACF4 /* UIImage+Extend.h */,
				BF49A0911ACF72AE006DACF4 /* UIImage+Extend.m */,
				BF49A0921ACF72AE006DACF4 /* UIImage+ImageBlur.h */,
				BF49A0931ACF72AE006DACF4 /* UIImage+ImageBlur.m */,
				BF49A0941ACF72AE006DACF4 /* UILabel+Extend.h */,
				BF49A0951ACF72AE006DACF4 /* UILabel+Extend.m */,
				BF49A0961ACF72AE006DACF4 /* UITableView+Appearance.h */,
				BF49A0971ACF72AE006DACF4 /* UITableView+Appearance.m */,
				BF49A0981ACF72AE006DACF4 /* UITextView+Appearance.h */,
				BF49A0991ACF72AE006DACF4 /* UITextView+Appearance.m */,
				BF49A09A1ACF72AE006DACF4 /* UIView+Extend.h */,
				BF49A09B1ACF72AE006DACF4 /* UIView+Extend.m */,
				BF49A0BF1ACF7C0D006DACF4 /* UIDevice+Resolutions.h */,
				BF49A0C01ACF7C0D006DACF4 /* UIDevice+Resolutions.m */,
			);
			path = CommonCategory;
			sourceTree = "<group>";
		};
		BF49A0A91ACF748D006DACF4 /* sources */ = {
			isa = PBXGroup;
			children = (
				BF49A0AA1ACF748D006DACF4 /* back_black@2x.png */,
			);
			path = sources;
			sourceTree = "<group>";
		};
		BF49A0AC1ACF775E006DACF4 /* HCSQLHelp */ = {
			isa = PBXGroup;
			children = (
				BF49A0AD1ACF775E006DACF4 /* HCBaseDAO.h */,
				BF49A0AE1ACF775E006DACF4 /* HCBaseDAO.m */,
				BF49A0AF1ACF775E006DACF4 /* HCBaseDBHelper.h */,
				BF49A0B01ACF775E006DACF4 /* HCBaseDBHelper.m */,
				BF49A0B11ACF775E006DACF4 /* HCDBManager.h */,
				BF49A0B21ACF775E006DACF4 /* HCDBManager.m */,
				BF49A0B31ACF775E006DACF4 /* SQLBaseModel.h */,
				BF49A0B41ACF775E006DACF4 /* SQLBaseModel.m */,
				BF49A0B51ACF775E006DACF4 /* SQLHelper.h */,
				BF49A0B61ACF775E006DACF4 /* SQLHelper.m */,
				BF49A0B71ACF775E006DACF4 /* TestSQLBaseModel.h */,
				BF49A0B81ACF775E006DACF4 /* TestSQLBaseModel.m */,
			);
			path = HCSQLHelp;
			sourceTree = "<group>";
		};
		BF49A0C21ACF7C5E006DACF4 /* classes */ = {
			isa = PBXGroup;
			children = (
				BF49A0C31ACF7C5E006DACF4 /* HCDiskCache.h */,
				BF49A0C41ACF7C5E006DACF4 /* HCDiskCache.m */,
				BF49A0C51ACF7C5E006DACF4 /* HCProfileService.h */,
				BF49A0C61ACF7C5E006DACF4 /* HCProfileService.m */,
				BF49A0C71ACF7C5E006DACF4 /* PAImageProcessHelper.h */,
				BF49A0C81ACF7C5E006DACF4 /* PAImageProcessHelper.m */,
				BF49A0C91ACF7C5E006DACF4 /* PALinkButton.h */,
				BF49A0CA1ACF7C5E006DACF4 /* PALinkButton.m */,
				BF49A0CB1ACF7C5E006DACF4 /* PAUserDiskCache.h */,
				BF49A0CC1ACF7C5E006DACF4 /* PAUserDiskCache.m */,
			);
			path = classes;
			sourceTree = "<group>";
		};
		BF49A0D51ACF7CBA006DACF4 /* baseViewControllers */ = {
			isa = PBXGroup;
			children = (
				BF49A0FB1ACF875A006DACF4 /* BABasicViewController.h */,
				BF49A0FC1ACF875A006DACF4 /* BABasicViewController.m */,
				BF49A1011ACF97EE006DACF4 /* BABasicNavigationController.h */,
				BF49A1021ACF97EE006DACF4 /* BABasicNavigationController.m */,
				BF49A1031ACF97EE006DACF4 /* BABasicTableViewController.h */,
				BF49A1041ACF97EE006DACF4 /* BABasicTableViewController.m */,
			);
			path = baseViewControllers;
			sourceTree = "<group>";
		};
		BF49A0DF1ACF823D006DACF4 /* HUDService */ = {
			isa = PBXGroup;
			children = (
				BF49A0E01ACF823D006DACF4 /* PABlockingHUD.h */,
				BF49A0E11ACF823D006DACF4 /* PABlockingHUD.m */,
				BF49A0E21ACF823D006DACF4 /* PABlockingHUDDelegate.h */,
				BF49A0E31ACF823D006DACF4 /* PABlockingStrokeHUD.h */,
				BF49A0E41ACF823D006DACF4 /* PABlockingStrokeHUD.m */,
				BF49A0E51ACF823D006DACF4 /* PAHUD.h */,
				BF49A0E61ACF823D006DACF4 /* PAHUD.m */,
				BF49A0E71ACF823D006DACF4 /* PAHUDCommon.h */,
				BF49A0E81ACF823D006DACF4 /* PAHUDService.h */,
				BF49A0E91ACF823D006DACF4 /* PAHUDService.m */,
				BF49A0EA1ACF823D006DACF4 /* PAPathView.h */,
				BF49A0EB1ACF823D006DACF4 /* PAPathView.m */,
				BF49A0EC1ACF823D006DACF4 /* PAPromptHUD.h */,
				BF49A0ED1ACF823D006DACF4 /* PAPromptHUD.m */,
				BF49A0EE1ACF823D006DACF4 /* PAPromptHUDDelegate.h */,
				BF49A0EF1ACF823D006DACF4 /* PAStrokeHUDView.h */,
				BF49A0F01ACF823D006DACF4 /* PAStrokeHUDView.m */,
				BF49A0F11ACF823D006DACF4 /* PASVPromptHUD.h */,
				BF49A0F21ACF823D006DACF4 /* PASVPromptHUD.m */,
			);
			path = HUDService;
			sourceTree = "<group>";
		};
		DC8B942C61BC59EC4219EB0D /* Pods */ = {
			isa = PBXGroup;
			children = (
				9A5A472FA7A8EED7707EFECC /* Pods-HCKitDemo.debug.xcconfig */,
				0EB15A0EE5279A583128D2AA /* Pods-HCKitDemo.release.xcconfig */,
			);
			name = Pods;
			sourceTree = "<group>";
		};
/* End PBXGroup section */

/* Begin PBXNativeTarget section */
		BF49A00A1ACF6D8A006DACF4 /* HCKitDemo */ = {
			isa = PBXNativeTarget;
			buildConfigurationList = BF49A02E1ACF6D8A006DACF4 /* Build configuration list for PBXNativeTarget "HCKitDemo" */;
			buildPhases = (
				D24F515235D60570E1B5CE54 /* Check Pods Manifest.lock */,
				BF49A0071ACF6D8A006DACF4 /* Sources */,
				BF49A0081ACF6D8A006DACF4 /* Frameworks */,
				BF49A0091ACF6D8A006DACF4 /* Resources */,
				28BDBFC10818B3D36AB2BC0A /* Copy Pods Resources */,
			);
			buildRules = (
			);
			dependencies = (
			);
			name = HCKitDemo;
			productName = HCKitDemo;
			productReference = BF49A00B1ACF6D8A006DACF4 /* HCKitDemo.app */;
			productType = "com.apple.product-type.application";
		};
		BF49A0231ACF6D8A006DACF4 /* HCKitDemoTests */ = {
			isa = PBXNativeTarget;
			buildConfigurationList = BF49A0311ACF6D8A006DACF4 /* Build configuration list for PBXNativeTarget "HCKitDemoTests" */;
			buildPhases = (
				BF49A0201ACF6D8A006DACF4 /* Sources */,
				BF49A0211ACF6D8A006DACF4 /* Frameworks */,
				BF49A0221ACF6D8A006DACF4 /* Resources */,
			);
			buildRules = (
			);
			dependencies = (
				BF49A0261ACF6D8A006DACF4 /* PBXTargetDependency */,
			);
			name = HCKitDemoTests;
			productName = HCKitDemoTests;
			productReference = BF49A0241ACF6D8A006DACF4 /* HCKitDemoTests.xctest */;
			productType = "com.apple.product-type.bundle.unit-test";
		};
/* End PBXNativeTarget section */

/* Begin PBXProject section */
		BF49A0031ACF6D8A006DACF4 /* Project object */ = {
			isa = PBXProject;
			attributes = {
				LastUpgradeCheck = 0610;
				ORGANIZATIONNAME = "花晨";
				TargetAttributes = {
					BF49A00A1ACF6D8A006DACF4 = {
						CreatedOnToolsVersion = 6.1.1;
					};
					BF49A0231ACF6D8A006DACF4 = {
						CreatedOnToolsVersion = 6.1.1;
						TestTargetID = BF49A00A1ACF6D8A006DACF4;
					};
				};
			};
			buildConfigurationList = BF49A0061ACF6D8A006DACF4 /* Build configuration list for PBXProject "HCKitDemo" */;
			compatibilityVersion = "Xcode 3.2";
			developmentRegion = English;
			hasScannedForEncodings = 0;
			knownRegions = (
				en,
				Base,
			);
			mainGroup = BF49A0021ACF6D8A006DACF4;
			productRefGroup = BF49A00C1ACF6D8A006DACF4 /* Products */;
			projectDirPath = "";
			projectRoot = "";
			targets = (
				BF49A00A1ACF6D8A006DACF4 /* HCKitDemo */,
				BF49A0231ACF6D8A006DACF4 /* HCKitDemoTests */,
			);
		};
/* End PBXProject section */

/* Begin PBXResourcesBuildPhase section */
		BF49A0091ACF6D8A006DACF4 /* Resources */ = {
			isa = PBXResourcesBuildPhase;
			buildActionMask = 2147483647;
			files = (
				BF49A01A1ACF6D8A006DACF4 /* Main.storyboard in Resources */,
				BF49A01F1ACF6D8A006DACF4 /* LaunchScreen.xib in Resources */,
				BF49A01C1ACF6D8A006DACF4 /* Images.xcassets in Resources */,
				BF49A0AB1ACF748D006DACF4 /* back_black@2x.png in Resources */,
			);
			runOnlyForDeploymentPostprocessing = 0;
		};
		BF49A0221ACF6D8A006DACF4 /* Resources */ = {
			isa = PBXResourcesBuildPhase;
			buildActionMask = 2147483647;
			files = (
			);
			runOnlyForDeploymentPostprocessing = 0;
		};
/* End PBXResourcesBuildPhase section */

/* Begin PBXShellScriptBuildPhase section */
		28BDBFC10818B3D36AB2BC0A /* Copy Pods Resources */ = {
			isa = PBXShellScriptBuildPhase;
			buildActionMask = 2147483647;
			files = (
			);
			inputPaths = (
			);
			name = "Copy Pods Resources";
			outputPaths = (
			);
			runOnlyForDeploymentPostprocessing = 0;
			shellPath = /bin/sh;
			shellScript = "\"${SRCROOT}/Pods/Target Support Files/Pods-HCKitDemo/Pods-HCKitDemo-resources.sh\"\n";
			showEnvVarsInLog = 0;
		};
		D24F515235D60570E1B5CE54 /* Check Pods Manifest.lock */ = {
			isa = PBXShellScriptBuildPhase;
			buildActionMask = 2147483647;
			files = (
			);
			inputPaths = (
			);
			name = "Check Pods Manifest.lock";
			outputPaths = (
			);
			runOnlyForDeploymentPostprocessing = 0;
			shellPath = /bin/sh;
			shellScript = "diff \"${PODS_ROOT}/../Podfile.lock\" \"${PODS_ROOT}/Manifest.lock\" > /dev/null\nif [[ $? != 0 ]] ; then\n    cat << EOM\nerror: The sandbox is not in sync with the Podfile.lock. Run 'pod install' or update your CocoaPods installation.\nEOM\n    exit 1\nfi\n";
			showEnvVarsInLog = 0;
		};
/* End PBXShellScriptBuildPhase section */

/* Begin PBXSourcesBuildPhase section */
		BF49A0071ACF6D8A006DACF4 /* Sources */ = {
			isa = PBXSourcesBuildPhase;
			buildActionMask = 2147483647;
			files = (
				BF49A0541ACF6ECE006DACF4 /* HCHTTPRequest.m in Sources */,
				BF49A0A21ACF72AE006DACF4 /* UIBarButtonItem+Extend.m in Sources */,
				BF49A0F81ACF823E006DACF4 /* PAPromptHUD.m in Sources */,
				BF49A0A81ACF72AE006DACF4 /* UIView+Extend.m in Sources */,
				BF49A0FD1ACF875A006DACF4 /* BABasicViewController.m in Sources */,
				BF49A0551ACF6ECE006DACF4 /* HCRequestBaseApi.m in Sources */,
				BF49A0BB1ACF775E006DACF4 /* HCDBManager.m in Sources */,
				BF49A0F31ACF823D006DACF4 /* PABlockingHUD.m in Sources */,
				BF49A0FA1ACF823E006DACF4 /* PASVPromptHUD.m in Sources */,
				BF49A0B91ACF775E006DACF4 /* HCBaseDAO.m in Sources */,
				BF49A0171ACF6D8A006DACF4 /* ViewController.m in Sources */,
				BF49A0F51ACF823E006DACF4 /* PAHUD.m in Sources */,
				BF49A0A01ACF72AE006DACF4 /* NSString+Extend.m in Sources */,
				BF49A0BA1ACF775E006DACF4 /* HCBaseDBHelper.m in Sources */,
				BF49A0A71ACF72AE006DACF4 /* UITextView+Appearance.m in Sources */,
				BF49A0141ACF6D8A006DACF4 /* AppDelegate.m in Sources */,
				BF49A0BD1ACF775E006DACF4 /* SQLHelper.m in Sources */,
				BF49A1061ACF97EE006DACF4 /* BABasicTableViewController.m in Sources */,
				BF49A0D11ACF7C5E006DACF4 /* PAImageProcessHelper.m in Sources */,
				BF49A1051ACF97EE006DACF4 /* BABasicNavigationController.m in Sources */,
				BF49A0531ACF6ECE006DACF4 /* HCBasicAsyncer.m in Sources */,
				BF49A0111ACF6D8A006DACF4 /* main.m in Sources */,
				BF49A0BC1ACF775E006DACF4 /* SQLBaseModel.m in Sources */,
				BF49A09F1ACF72AE006DACF4 /* NSObject+UserInfo.m in Sources */,
				BF49A0F41ACF823D006DACF4 /* PABlockingStrokeHUD.m in Sources */,
				BF49A09E1ACF72AE006DACF4 /* NSDate+ServerTime.m in Sources */,
				BF49A0A51ACF72AE006DACF4 /* UILabel+Extend.m in Sources */,
				BF49A0A41ACF72AE006DACF4 /* UIImage+ImageBlur.m in Sources */,
				BF49A0F71ACF823E006DACF4 /* PAPathView.m in Sources */,
				BF49A0F91ACF823E006DACF4 /* PAStrokeHUDView.m in Sources */,
				BF49A0A61ACF72AE006DACF4 /* UITableView+Appearance.m in Sources */,
				BF49A09D1ACF72AE006DACF4 /* NSDate+Extend.m in Sources */,
				BF49A0C11ACF7C0D006DACF4 /* UIDevice+Resolutions.m in Sources */,
				BF49A0BE1ACF775E006DACF4 /* TestSQLBaseModel.m in Sources */,
				BF49A0A11ACF72AE006DACF4 /* NSString+HXAddtions.m in Sources */,
				BF49A0A31ACF72AE006DACF4 /* UIImage+Extend.m in Sources */,
				BF49A0D31ACF7C5E006DACF4 /* PAUserDiskCache.m in Sources */,
				BF49A0D01ACF7C5E006DACF4 /* HCProfileService.m in Sources */,
				BF49A0F61ACF823E006DACF4 /* PAHUDService.m in Sources */,
				BF49A0D21ACF7C5E006DACF4 /* PALinkButton.m in Sources */,
				BF49A0CF1ACF7C5E006DACF4 /* HCDiskCache.m in Sources */,
				BF49A09C1ACF72AE006DACF4 /* NSData+Extend.m in Sources */,
			);
			runOnlyForDeploymentPostprocessing = 0;
		};
		BF49A0201ACF6D8A006DACF4 /* Sources */ = {
			isa = PBXSourcesBuildPhase;
			buildActionMask = 2147483647;
			files = (
				BF49A02B1ACF6D8A006DACF4 /* HCKitDemoTests.m in Sources */,
			);
			runOnlyForDeploymentPostprocessing = 0;
		};
/* End PBXSourcesBuildPhase section */

/* Begin PBXTargetDependency section */
		BF49A0261ACF6D8A006DACF4 /* PBXTargetDependency */ = {
			isa = PBXTargetDependency;
			target = BF49A00A1ACF6D8A006DACF4 /* HCKitDemo */;
			targetProxy = BF49A0251ACF6D8A006DACF4 /* PBXContainerItemProxy */;
		};
/* End PBXTargetDependency section */

/* Begin PBXVariantGroup section */
		BF49A0181ACF6D8A006DACF4 /* Main.storyboard */ = {
			isa = PBXVariantGroup;
			children = (
				BF49A0191ACF6D8A006DACF4 /* Base */,
			);
			name = Main.storyboard;
			sourceTree = "<group>";
		};
		BF49A01D1ACF6D8A006DACF4 /* LaunchScreen.xib */ = {
			isa = PBXVariantGroup;
			children = (
				BF49A01E1ACF6D8A006DACF4 /* Base */,
			);
			name = LaunchScreen.xib;
			sourceTree = "<group>";
		};
/* End PBXVariantGroup section */

/* Begin XCBuildConfiguration section */
		BF49A02C1ACF6D8A006DACF4 /* Debug */ = {
			isa = XCBuildConfiguration;
			buildSettings = {
				ALWAYS_SEARCH_USER_PATHS = NO;
				CLANG_CXX_LANGUAGE_STANDARD = "gnu++0x";
				CLANG_CXX_LIBRARY = "libc++";
				CLANG_ENABLE_MODULES = YES;
				CLANG_ENABLE_OBJC_ARC = YES;
				CLANG_WARN_BOOL_CONVERSION = YES;
				CLANG_WARN_CONSTANT_CONVERSION = YES;
				CLANG_WARN_DIRECT_OBJC_ISA_USAGE = YES_ERROR;
				CLANG_WARN_EMPTY_BODY = YES;
				CLANG_WARN_ENUM_CONVERSION = YES;
				CLANG_WARN_INT_CONVERSION = YES;
				CLANG_WARN_OBJC_ROOT_CLASS = YES_ERROR;
				CLANG_WARN_UNREACHABLE_CODE = YES;
				CLANG_WARN__DUPLICATE_METHOD_MATCH = YES;
				"CODE_SIGN_IDENTITY[sdk=iphoneos*]" = "iPhone Developer";
				COPY_PHASE_STRIP = NO;
				ENABLE_STRICT_OBJC_MSGSEND = YES;
				GCC_C_LANGUAGE_STANDARD = gnu99;
				GCC_DYNAMIC_NO_PIC = NO;
				GCC_OPTIMIZATION_LEVEL = 0;
				GCC_PREPROCESSOR_DEFINITIONS = (
					"DEBUG=1",
					"$(inherited)",
				);
				GCC_SYMBOLS_PRIVATE_EXTERN = NO;
				GCC_WARN_64_TO_32_BIT_CONVERSION = YES;
				GCC_WARN_ABOUT_RETURN_TYPE = YES_ERROR;
				GCC_WARN_UNDECLARED_SELECTOR = YES;
				GCC_WARN_UNINITIALIZED_AUTOS = YES_AGGRESSIVE;
				GCC_WARN_UNUSED_FUNCTION = YES;
				GCC_WARN_UNUSED_VARIABLE = YES;
				IPHONEOS_DEPLOYMENT_TARGET = 8.1;
				MTL_ENABLE_DEBUG_INFO = YES;
				ONLY_ACTIVE_ARCH = YES;
				SDKROOT = iphoneos;
				TARGETED_DEVICE_FAMILY = "1,2";
			};
			name = Debug;
		};
		BF49A02D1ACF6D8A006DACF4 /* Release */ = {
			isa = XCBuildConfiguration;
			buildSettings = {
				ALWAYS_SEARCH_USER_PATHS = NO;
				CLANG_CXX_LANGUAGE_STANDARD = "gnu++0x";
				CLANG_CXX_LIBRARY = "libc++";
				CLANG_ENABLE_MODULES = YES;
				CLANG_ENABLE_OBJC_ARC = YES;
				CLANG_WARN_BOOL_CONVERSION = YES;
				CLANG_WARN_CONSTANT_CONVERSION = YES;
				CLANG_WARN_DIRECT_OBJC_ISA_USAGE = YES_ERROR;
				CLANG_WARN_EMPTY_BODY = YES;
				CLANG_WARN_ENUM_CONVERSION = YES;
				CLANG_WARN_INT_CONVERSION = YES;
				CLANG_WARN_OBJC_ROOT_CLASS = YES_ERROR;
				CLANG_WARN_UNREACHABLE_CODE = YES;
				CLANG_WARN__DUPLICATE_METHOD_MATCH = YES;
				"CODE_SIGN_IDENTITY[sdk=iphoneos*]" = "iPhone Developer";
				COPY_PHASE_STRIP = YES;
				ENABLE_NS_ASSERTIONS = NO;
				ENABLE_STRICT_OBJC_MSGSEND = YES;
				GCC_C_LANGUAGE_STANDARD = gnu99;
				GCC_WARN_64_TO_32_BIT_CONVERSION = YES;
				GCC_WARN_ABOUT_RETURN_TYPE = YES_ERROR;
				GCC_WARN_UNDECLARED_SELECTOR = YES;
				GCC_WARN_UNINITIALIZED_AUTOS = YES_AGGRESSIVE;
				GCC_WARN_UNUSED_FUNCTION = YES;
				GCC_WARN_UNUSED_VARIABLE = YES;
				IPHONEOS_DEPLOYMENT_TARGET = 8.1;
				MTL_ENABLE_DEBUG_INFO = NO;
				SDKROOT = iphoneos;
				TARGETED_DEVICE_FAMILY = "1,2";
				VALIDATE_PRODUCT = YES;
			};
			name = Release;
		};
		BF49A02F1ACF6D8A006DACF4 /* Debug */ = {
			isa = XCBuildConfiguration;
			baseConfigurationReference = 9A5A472FA7A8EED7707EFECC /* Pods-HCKitDemo.debug.xcconfig */;
			buildSettings = {
				ASSETCATALOG_COMPILER_APPICON_NAME = AppIcon;
				INFOPLIST_FILE = HCKitDemo/Info.plist;
				LD_RUNPATH_SEARCH_PATHS = "$(inherited) @executable_path/Frameworks";
				PRODUCT_NAME = "$(TARGET_NAME)";
			};
			name = Debug;
		};
		BF49A0301ACF6D8A006DACF4 /* Release */ = {
			isa = XCBuildConfiguration;
			baseConfigurationReference = 0EB15A0EE5279A583128D2AA /* Pods-HCKitDemo.release.xcconfig */;
			buildSettings = {
				ASSETCATALOG_COMPILER_APPICON_NAME = AppIcon;
				INFOPLIST_FILE = HCKitDemo/Info.plist;
				LD_RUNPATH_SEARCH_PATHS = "$(inherited) @executable_path/Frameworks";
				PRODUCT_NAME = "$(TARGET_NAME)";
			};
			name = Release;
		};
		BF49A0321ACF6D8A006DACF4 /* Debug */ = {
			isa = XCBuildConfiguration;
			buildSettings = {
				BUNDLE_LOADER = "$(TEST_HOST)";
				FRAMEWORK_SEARCH_PATHS = (
					"$(SDKROOT)/Developer/Library/Frameworks",
					"$(inherited)",
				);
				GCC_PREPROCESSOR_DEFINITIONS = (
					"DEBUG=1",
					"$(inherited)",
				);
				INFOPLIST_FILE = HCKitDemoTests/Info.plist;
				LD_RUNPATH_SEARCH_PATHS = "$(inherited) @executable_path/Frameworks @loader_path/Frameworks";
				PRODUCT_NAME = "$(TARGET_NAME)";
				TEST_HOST = "$(BUILT_PRODUCTS_DIR)/HCKitDemo.app/HCKitDemo";
			};
			name = Debug;
		};
		BF49A0331ACF6D8A006DACF4 /* Release */ = {
			isa = XCBuildConfiguration;
			buildSettings = {
				BUNDLE_LOADER = "$(TEST_HOST)";
				FRAMEWORK_SEARCH_PATHS = (
					"$(SDKROOT)/Developer/Library/Frameworks",
					"$(inherited)",
				);
				INFOPLIST_FILE = HCKitDemoTests/Info.plist;
				LD_RUNPATH_SEARCH_PATHS = "$(inherited) @executable_path/Frameworks @loader_path/Frameworks";
				PRODUCT_NAME = "$(TARGET_NAME)";
				TEST_HOST = "$(BUILT_PRODUCTS_DIR)/HCKitDemo.app/HCKitDemo";
			};
			name = Release;
		};
/* End XCBuildConfiguration section */

/* Begin XCConfigurationList section */
		BF49A0061ACF6D8A006DACF4 /* Build configuration list for PBXProject "HCKitDemo" */ = {
			isa = XCConfigurationList;
			buildConfigurations = (
				BF49A02C1ACF6D8A006DACF4 /* Debug */,
				BF49A02D1ACF6D8A006DACF4 /* Release */,
			);
			defaultConfigurationIsVisible = 0;
			defaultConfigurationName = Release;
		};
		BF49A02E1ACF6D8A006DACF4 /* Build configuration list for PBXNativeTarget "HCKitDemo" */ = {
			isa = XCConfigurationList;
			buildConfigurations = (
				BF49A02F1ACF6D8A006DACF4 /* Debug */,
				BF49A0301ACF6D8A006DACF4 /* Release */,
			);
			defaultConfigurationIsVisible = 0;
			defaultConfigurationName = Release;
		};
		BF49A0311ACF6D8A006DACF4 /* Build configuration list for PBXNativeTarget "HCKitDemoTests" */ = {
			isa = XCConfigurationList;
			buildConfigurations = (
				BF49A0321ACF6D8A006DACF4 /* Debug */,
				BF49A0331ACF6D8A006DACF4 /* Release */,
			);
			defaultConfigurationIsVisible = 0;
			defaultConfigurationName = Release;
		};
/* End XCConfigurationList section */
	};
	rootObject = BF49A0031ACF6D8A006DACF4 /* Project object */;
}
