// !$*UTF8*$!
{
	archiveVersion = 1;
	classes = {
	};
	objectVersion = 46;
	objects = {

/* Begin PBXBuildFile section */
		528C895EE7812D3F05478982 /* libPods-HCKitDemo.a in Frameworks */ = {isa = PBXBuildFile; fileRef = 2F0A162895825C094F79F293 /* libPods-HCKitDemo.a */; };
		BF49A0111ACF6D8A006DACF4 /* main.m in Sources */ = {isa = PBXBuildFile; fileRef = BF49A0101ACF6D8A006DACF4 /* main.m */; };
		BF49A0141ACF6D8A006DACF4 /* AppDelegate.m in Sources */ = {isa = PBXBuildFile; fileRef = BF49A0131ACF6D8A006DACF4 /* AppDelegate.m */; };
		BF49A0171ACF6D8A006DACF4 /* ViewController.m in Sources */ = {isa = PBXBuildFile; fileRef = BF49A0161ACF6D8A006DACF4 /* ViewController.m */; };
		BF49A01A1ACF6D8A006DACF4 /* Main.storyboard in Resources */ = {isa = PBXBuildFile; fileRef = BF49A0181ACF6D8A006DACF4 /* Main.storyboard */; };
		BF49A01C1ACF6D8A006DACF4 /* Images.xcassets in Resources */ = {isa = PBXBuildFile; fileRef = BF49A01B1ACF6D8A006DACF4 /* Images.xcassets */; };
		BF49A01F1ACF6D8A006DACF4 /* LaunchScreen.xib in Resources */ = {isa = PBXBuildFile; fileRef = BF49A01D1ACF6D8A006DACF4 /* LaunchScreen.xib */; };
		BF49A02B1ACF6D8A006DACF4 /* HCKitDemoTests.m in Sources */ = {isa = PBXBuildFile; fileRef = BF49A02A1ACF6D8A006DACF4 /* HCKitDemoTests.m */; };
		BF49A1C71AD2689C006DACF4 /* HCKit in Resources */ = {isa = PBXBuildFile; fileRef = BF49A1C61AD2689C006DACF4 /* HCKit */; };
/* End PBXBuildFile section */

/* Begin PBXContainerItemProxy section */
		BF49A0251ACF6D8A006DACF4 /* PBXContainerItemProxy */ = {
			isa = PBXContainerItemProxy;
			containerPortal = BF49A0031ACF6D8A006DACF4 /* Project object */;
			proxyType = 1;
			remoteGlobalIDString = BF49A00A1ACF6D8A006DACF4;
			remoteInfo = HCKitDemo;
		};
/* End PBXContainerItemProxy section */

/* Begin PBXFileReference section */
		0EB15A0EE5279A583128D2AA /* Pods-HCKitDemo.release.xcconfig */ = {isa = PBXFileReference; includeInIndex = 1; lastKnownFileType = text.xcconfig; name = "Pods-HCKitDemo.release.xcconfig"; path = "Pods/Target Support Files/Pods-HCKitDemo/Pods-HCKitDemo.release.xcconfig"; sourceTree = "<group>"; };
		2F0A162895825C094F79F293 /* libPods-HCKitDemo.a */ = {isa = PBXFileReference; explicitFileType = archive.ar; includeInIndex = 0; path = "libPods-HCKitDemo.a"; sourceTree = BUILT_PRODUCTS_DIR; };
		9A5A472FA7A8EED7707EFECC /* Pods-HCKitDemo.debug.xcconfig */ = {isa = PBXFileReference; includeInIndex = 1; lastKnownFileType = text.xcconfig; name = "Pods-HCKitDemo.debug.xcconfig"; path = "Pods/Target Support Files/Pods-HCKitDemo/Pods-HCKitDemo.debug.xcconfig"; sourceTree = "<group>"; };
		BF49A00B1ACF6D8A006DACF4 /* HCKitDemo.app */ = {isa = PBXFileReference; explicitFileType = wrapper.application; includeInIndex = 0; path = HCKitDemo.app; sourceTree = BUILT_PRODUCTS_DIR; };
		BF49A00F1ACF6D8A006DACF4 /* Info.plist */ = {isa = PBXFileReference; lastKnownFileType = text.plist.xml; path = Info.plist; sourceTree = "<group>"; };
		BF49A0101ACF6D8A006DACF4 /* main.m */ = {isa = PBXFileReference; lastKnownFileType = sourcecode.c.objc; path = main.m; sourceTree = "<group>"; };
		BF49A0121ACF6D8A006DACF4 /* AppDelegate.h */ = {isa = PBXFileReference; lastKnownFileType = sourcecode.c.h; path = AppDelegate.h; sourceTree = "<group>"; };
		BF49A0131ACF6D8A006DACF4 /* AppDelegate.m */ = {isa = PBXFileReference; lastKnownFileType = sourcecode.c.objc; path = AppDelegate.m; sourceTree = "<group>"; };
		BF49A0151ACF6D8A006DACF4 /* ViewController.h */ = {isa = PBXFileReference; lastKnownFileType = sourcecode.c.h; path = ViewController.h; sourceTree = "<group>"; };
		BF49A0161ACF6D8A006DACF4 /* ViewController.m */ = {isa = PBXFileReference; lastKnownFileType = sourcecode.c.objc; path = ViewController.m; sourceTree = "<group>"; };
		BF49A0191ACF6D8A006DACF4 /* Base */ = {isa = PBXFileReference; lastKnownFileType = file.storyboard; name = Base; path = Base.lproj/Main.storyboard; sourceTree = "<group>"; };
		BF49A01B1ACF6D8A006DACF4 /* Images.xcassets */ = {isa = PBXFileReference; lastKnownFileType = folder.assetcatalog; path = Images.xcassets; sourceTree = "<group>"; };
		BF49A01E1ACF6D8A006DACF4 /* Base */ = {isa = PBXFileReference; lastKnownFileType = file.xib; name = Base; path = Base.lproj/LaunchScreen.xib; sourceTree = "<group>"; };
		BF49A0241ACF6D8A006DACF4 /* HCKitDemoTests.xctest */ = {isa = PBXFileReference; explicitFileType = wrapper.cfbundle; includeInIndex = 0; path = HCKitDemoTests.xctest; sourceTree = BUILT_PRODUCTS_DIR; };
		BF49A0291ACF6D8A006DACF4 /* Info.plist */ = {isa = PBXFileReference; lastKnownFileType = text.plist.xml; path = Info.plist; sourceTree = "<group>"; };
		BF49A02A1ACF6D8A006DACF4 /* HCKitDemoTests.m */ = {isa = PBXFileReference; lastKnownFileType = sourcecode.c.objc; path = HCKitDemoTests.m; sourceTree = "<group>"; };
		BF49A0FE1ACF8BA9006DACF4 /* HCKit-Prefix.pch */ = {isa = PBXFileReference; lastKnownFileType = sourcecode.c.h; path = "HCKit-Prefix.pch"; sourceTree = "<group>"; };
		BF49A1C61AD2689C006DACF4 /* HCKit */ = {isa = PBXFileReference; lastKnownFileType = folder; path = HCKit; sourceTree = SOURCE_ROOT; };
/* End PBXFileReference section */

/* Begin PBXFrameworksBuildPhase section */
		BF49A0081ACF6D8A006DACF4 /* Frameworks */ = {
			isa = PBXFrameworksBuildPhase;
			buildActionMask = 2147483647;
			files = (
				528C895EE7812D3F05478982 /* libPods-HCKitDemo.a in Frameworks */,
			);
			runOnlyForDeploymentPostprocessing = 0;
		};
		BF49A0211ACF6D8A006DACF4 /* Frameworks */ = {
			isa = PBXFrameworksBuildPhase;
			buildActionMask = 2147483647;
			files = (
			);
			runOnlyForDeploymentPostprocessing = 0;
		};
/* End PBXFrameworksBuildPhase section */

/* Begin PBXGroup section */
		A26185862CBFF13EBB6A641E /* Frameworks */ = {
			isa = PBXGroup;
			children = (
				2F0A162895825C094F79F293 /* libPods-HCKitDemo.a */,
			);
			name = Frameworks;
			sourceTree = "<group>";
		};
		BF49A0021ACF6D8A006DACF4 = {
			isa = PBXGroup;
			children = (
				BF49A00D1ACF6D8A006DACF4 /* HCKitDemo */,
				BF49A0271ACF6D8A006DACF4 /* HCKitDemoTests */,
				BF49A00C1ACF6D8A006DACF4 /* Products */,
				DC8B942C61BC59EC4219EB0D /* Pods */,
				A26185862CBFF13EBB6A641E /* Frameworks */,
			);
			sourceTree = "<group>";
		};
		BF49A00C1ACF6D8A006DACF4 /* Products */ = {
			isa = PBXGroup;
			children = (
				BF49A00B1ACF6D8A006DACF4 /* HCKitDemo.app */,
				BF49A0241ACF6D8A006DACF4 /* HCKitDemoTests.xctest */,
			);
			name = Products;
			sourceTree = "<group>";
		};
		BF49A00D1ACF6D8A006DACF4 /* HCKitDemo */ = {
			isa = PBXGroup;
			children = (
				BF49A1C61AD2689C006DACF4 /* HCKit */,
				BF49A0121ACF6D8A006DACF4 /* AppDelegate.h */,
				BF49A0131ACF6D8A006DACF4 /* AppDelegate.m */,
				BF49A0151ACF6D8A006DACF4 /* ViewController.h */,
				BF49A0161ACF6D8A006DACF4 /* ViewController.m */,
				BF49A0181ACF6D8A006DACF4 /* Main.storyboard */,
				BF49A01B1ACF6D8A006DACF4 /* Images.xcassets */,
				BF49A01D1ACF6D8A006DACF4 /* LaunchScreen.xib */,
				BF49A00E1ACF6D8A006DACF4 /* Supporting Files */,
			);
			path = HCKitDemo;
			sourceTree = "<group>";
		};
		BF49A00E1ACF6D8A006DACF4 /* Supporting Files */ = {
			isa = PBXGroup;
			children = (
				BF49A00F1ACF6D8A006DACF4 /* Info.plist */,
				BF49A0101ACF6D8A006DACF4 /* main.m */,
				BF49A0FE1ACF8BA9006DACF4 /* HCKit-Prefix.pch */,
			);
			name = "Supporting Files";
			sourceTree = "<group>";
		};
		BF49A0271ACF6D8A006DACF4 /* HCKitDemoTests */ = {
			isa = PBXGroup;
			children = (
				BF49A02A1ACF6D8A006DACF4 /* HCKitDemoTests.m */,
				BF49A0281ACF6D8A006DACF4 /* Supporting Files */,
			);
			path = HCKitDemoTests;
			sourceTree = "<group>";
		};
		BF49A0281ACF6D8A006DACF4 /* Supporting Files */ = {
			isa = PBXGroup;
			children = (
				BF49A0291ACF6D8A006DACF4 /* Info.plist */,
			);
			name = "Supporting Files";
			sourceTree = "<group>";
		};
		DC8B942C61BC59EC4219EB0D /* Pods */ = {
			isa = PBXGroup;
			children = (
				9A5A472FA7A8EED7707EFECC /* Pods-HCKitDemo.debug.xcconfig */,
				0EB15A0EE5279A583128D2AA /* Pods-HCKitDemo.release.xcconfig */,
			);
			name = Pods;
			sourceTree = "<group>";
		};
/* End PBXGroup section */

/* Begin PBXNativeTarget section */
		BF49A00A1ACF6D8A006DACF4 /* HCKitDemo */ = {
			isa = PBXNativeTarget;
			buildConfigurationList = BF49A02E1ACF6D8A006DACF4 /* Build configuration list for PBXNativeTarget "HCKitDemo" */;
			buildPhases = (
				D24F515235D60570E1B5CE54 /* Check Pods Manifest.lock */,
				BF49A0071ACF6D8A006DACF4 /* Sources */,
				BF49A0081ACF6D8A006DACF4 /* Frameworks */,
				BF49A0091ACF6D8A006DACF4 /* Resources */,
				28BDBFC10818B3D36AB2BC0A /* Copy Pods Resources */,
			);
			buildRules = (
			);
			dependencies = (
			);
			name = HCKitDemo;
			productName = HCKitDemo;
			productReference = BF49A00B1ACF6D8A006DACF4 /* HCKitDemo.app */;
			productType = "com.apple.product-type.application";
		};
		BF49A0231ACF6D8A006DACF4 /* HCKitDemoTests */ = {
			isa = PBXNativeTarget;
			buildConfigurationList = BF49A0311ACF6D8A006DACF4 /* Build configuration list for PBXNativeTarget "HCKitDemoTests" */;
			buildPhases = (
				BF49A0201ACF6D8A006DACF4 /* Sources */,
				BF49A0211ACF6D8A006DACF4 /* Frameworks */,
				BF49A0221ACF6D8A006DACF4 /* Resources */,
			);
			buildRules = (
			);
			dependencies = (
				BF49A0261ACF6D8A006DACF4 /* PBXTargetDependency */,
			);
			name = HCKitDemoTests;
			productName = HCKitDemoTests;
			productReference = BF49A0241ACF6D8A006DACF4 /* HCKitDemoTests.xctest */;
			productType = "com.apple.product-type.bundle.unit-test";
		};
/* End PBXNativeTarget section */

/* Begin PBXProject section */
		BF49A0031ACF6D8A006DACF4 /* Project object */ = {
			isa = PBXProject;
			attributes = {
				LastUpgradeCheck = 0610;
				ORGANIZATIONNAME = "花晨";
				TargetAttributes = {
					BF49A00A1ACF6D8A006DACF4 = {
						CreatedOnToolsVersion = 6.1.1;
					};
					BF49A0231ACF6D8A006DACF4 = {
						CreatedOnToolsVersion = 6.1.1;
						TestTargetID = BF49A00A1ACF6D8A006DACF4;
					};
				};
			};
			buildConfigurationList = BF49A0061ACF6D8A006DACF4 /* Build configuration list for PBXProject "HCKitDemo" */;
			compatibilityVersion = "Xcode 3.2";
			developmentRegion = English;
			hasScannedForEncodings = 0;
			knownRegions = (
				en,
				Base,
			);
			mainGroup = BF49A0021ACF6D8A006DACF4;
			productRefGroup = BF49A00C1ACF6D8A006DACF4 /* Products */;
			projectDirPath = "";
			projectRoot = "";
			targets = (
				BF49A00A1ACF6D8A006DACF4 /* HCKitDemo */,
				BF49A0231ACF6D8A006DACF4 /* HCKitDemoTests */,
			);
		};
/* End PBXProject section */

/* Begin PBXResourcesBuildPhase section */
		BF49A0091ACF6D8A006DACF4 /* Resources */ = {
			isa = PBXResourcesBuildPhase;
			buildActionMask = 2147483647;
			files = (
				BF49A1C71AD2689C006DACF4 /* HCKit in Resources */,
				BF49A01A1ACF6D8A006DACF4 /* Main.storyboard in Resources */,
				BF49A01F1ACF6D8A006DACF4 /* LaunchScreen.xib in Resources */,
				BF49A01C1ACF6D8A006DACF4 /* Images.xcassets in Resources */,
			);
			runOnlyForDeploymentPostprocessing = 0;
		};
		BF49A0221ACF6D8A006DACF4 /* Resources */ = {
			isa = PBXResourcesBuildPhase;
			buildActionMask = 2147483647;
			files = (
			);
			runOnlyForDeploymentPostprocessing = 0;
		};
/* End PBXResourcesBuildPhase section */

/* Begin PBXShellScriptBuildPhase section */
		28BDBFC10818B3D36AB2BC0A /* Copy Pods Resources */ = {
			isa = PBXShellScriptBuildPhase;
			buildActionMask = 2147483647;
			files = (
			);
			inputPaths = (
			);
			name = "Copy Pods Resources";
			outputPaths = (
			);
			runOnlyForDeploymentPostprocessing = 0;
			shellPath = /bin/sh;
			shellScript = "\"${SRCROOT}/Pods/Target Support Files/Pods-HCKitDemo/Pods-HCKitDemo-resources.sh\"\n";
			showEnvVarsInLog = 0;
		};
		D24F515235D60570E1B5CE54 /* Check Pods Manifest.lock */ = {
			isa = PBXShellScriptBuildPhase;
			buildActionMask = 2147483647;
			files = (
			);
			inputPaths = (
			);
			name = "Check Pods Manifest.lock";
			outputPaths = (
			);
			runOnlyForDeploymentPostprocessing = 0;
			shellPath = /bin/sh;
			shellScript = "diff \"${PODS_ROOT}/../Podfile.lock\" \"${PODS_ROOT}/Manifest.lock\" > /dev/null\nif [[ $? != 0 ]] ; then\n    cat << EOM\nerror: The sandbox is not in sync with the Podfile.lock. Run 'pod install' or update your CocoaPods installation.\nEOM\n    exit 1\nfi\n";
			showEnvVarsInLog = 0;
		};
/* End PBXShellScriptBuildPhase section */

/* Begin PBXSourcesBuildPhase section */
		BF49A0071ACF6D8A006DACF4 /* Sources */ = {
			isa = PBXSourcesBuildPhase;
			buildActionMask = 2147483647;
			files = (
				BF49A0171ACF6D8A006DACF4 /* ViewController.m in Sources */,
				BF49A0141ACF6D8A006DACF4 /* AppDelegate.m in Sources */,
				BF49A0111ACF6D8A006DACF4 /* main.m in Sources */,
			);
			runOnlyForDeploymentPostprocessing = 0;
		};
		BF49A0201ACF6D8A006DACF4 /* Sources */ = {
			isa = PBXSourcesBuildPhase;
			buildActionMask = 2147483647;
			files = (
				BF49A02B1ACF6D8A006DACF4 /* HCKitDemoTests.m in Sources */,
			);
			runOnlyForDeploymentPostprocessing = 0;
		};
/* End PBXSourcesBuildPhase section */

/* Begin PBXTargetDependency section */
		BF49A0261ACF6D8A006DACF4 /* PBXTargetDependency */ = {
			isa = PBXTargetDependency;
			target = BF49A00A1ACF6D8A006DACF4 /* HCKitDemo */;
			targetProxy = BF49A0251ACF6D8A006DACF4 /* PBXContainerItemProxy */;
		};
/* End PBXTargetDependency section */

/* Begin PBXVariantGroup section */
		BF49A0181ACF6D8A006DACF4 /* Main.storyboard */ = {
			isa = PBXVariantGroup;
			children = (
				BF49A0191ACF6D8A006DACF4 /* Base */,
			);
			name = Main.storyboard;
			sourceTree = "<group>";
		};
		BF49A01D1ACF6D8A006DACF4 /* LaunchScreen.xib */ = {
			isa = PBXVariantGroup;
			children = (
				BF49A01E1ACF6D8A006DACF4 /* Base */,
			);
			name = LaunchScreen.xib;
			sourceTree = "<group>";
		};
/* End PBXVariantGroup section */

/* Begin XCBuildConfiguration section */
		BF49A02C1ACF6D8A006DACF4 /* Debug */ = {
			isa = XCBuildConfiguration;
			buildSettings = {
				ALWAYS_SEARCH_USER_PATHS = NO;
				CLANG_CXX_LANGUAGE_STANDARD = "gnu++0x";
				CLANG_CXX_LIBRARY = "libc++";
				CLANG_ENABLE_MODULES = YES;
				CLANG_ENABLE_OBJC_ARC = YES;
				CLANG_WARN_BOOL_CONVERSION = YES;
				CLANG_WARN_CONSTANT_CONVERSION = YES;
				CLANG_WARN_DIRECT_OBJC_ISA_USAGE = YES_ERROR;
				CLANG_WARN_EMPTY_BODY = YES;
				CLANG_WARN_ENUM_CONVERSION = YES;
				CLANG_WARN_INT_CONVERSION = YES;
				CLANG_WARN_OBJC_ROOT_CLASS = YES_ERROR;
				CLANG_WARN_UNREACHABLE_CODE = YES;
				CLANG_WARN__DUPLICATE_METHOD_MATCH = YES;
				"CODE_SIGN_IDENTITY[sdk=iphoneos*]" = "iPhone Developer";
				COPY_PHASE_STRIP = NO;
				ENABLE_STRICT_OBJC_MSGSEND = YES;
				GCC_C_LANGUAGE_STANDARD = gnu99;
				GCC_DYNAMIC_NO_PIC = NO;
				GCC_OPTIMIZATION_LEVEL = 0;
				GCC_PREPROCESSOR_DEFINITIONS = (
					"DEBUG=1",
					"$(inherited)",
				);
				GCC_SYMBOLS_PRIVATE_EXTERN = NO;
				GCC_WARN_64_TO_32_BIT_CONVERSION = YES;
				GCC_WARN_ABOUT_RETURN_TYPE = YES_ERROR;
				GCC_WARN_UNDECLARED_SELECTOR = YES;
				GCC_WARN_UNINITIALIZED_AUTOS = YES_AGGRESSIVE;
				GCC_WARN_UNUSED_FUNCTION = YES;
				GCC_WARN_UNUSED_VARIABLE = YES;
				IPHONEOS_DEPLOYMENT_TARGET = 8.1;
				MTL_ENABLE_DEBUG_INFO = YES;
				ONLY_ACTIVE_ARCH = YES;
				SDKROOT = iphoneos;
				TARGETED_DEVICE_FAMILY = "1,2";
			};
			name = Debug;
		};
		BF49A02D1ACF6D8A006DACF4 /* Release */ = {
			isa = XCBuildConfiguration;
			buildSettings = {
				ALWAYS_SEARCH_USER_PATHS = NO;
				CLANG_CXX_LANGUAGE_STANDARD = "gnu++0x";
				CLANG_CXX_LIBRARY = "libc++";
				CLANG_ENABLE_MODULES = YES;
				CLANG_ENABLE_OBJC_ARC = YES;
				CLANG_WARN_BOOL_CONVERSION = YES;
				CLANG_WARN_CONSTANT_CONVERSION = YES;
				CLANG_WARN_DIRECT_OBJC_ISA_USAGE = YES_ERROR;
				CLANG_WARN_EMPTY_BODY = YES;
				CLANG_WARN_ENUM_CONVERSION = YES;
				CLANG_WARN_INT_CONVERSION = YES;
				CLANG_WARN_OBJC_ROOT_CLASS = YES_ERROR;
				CLANG_WARN_UNREACHABLE_CODE = YES;
				CLANG_WARN__DUPLICATE_METHOD_MATCH = YES;
				"CODE_SIGN_IDENTITY[sdk=iphoneos*]" = "iPhone Developer";
				COPY_PHASE_STRIP = YES;
				ENABLE_NS_ASSERTIONS = NO;
				ENABLE_STRICT_OBJC_MSGSEND = YES;
				GCC_C_LANGUAGE_STANDARD = gnu99;
				GCC_WARN_64_TO_32_BIT_CONVERSION = YES;
				GCC_WARN_ABOUT_RETURN_TYPE = YES_ERROR;
				GCC_WARN_UNDECLARED_SELECTOR = YES;
				GCC_WARN_UNINITIALIZED_AUTOS = YES_AGGRESSIVE;
				GCC_WARN_UNUSED_FUNCTION = YES;
				GCC_WARN_UNUSED_VARIABLE = YES;
				IPHONEOS_DEPLOYMENT_TARGET = 8.1;
				MTL_ENABLE_DEBUG_INFO = NO;
				SDKROOT = iphoneos;
				TARGETED_DEVICE_FAMILY = "1,2";
				VALIDATE_PRODUCT = YES;
			};
			name = Release;
		};
		BF49A02F1ACF6D8A006DACF4 /* Debug */ = {
			isa = XCBuildConfiguration;
			baseConfigurationReference = 9A5A472FA7A8EED7707EFECC /* Pods-HCKitDemo.debug.xcconfig */;
			buildSettings = {
				ASSETCATALOG_COMPILER_APPICON_NAME = AppIcon;
				INFOPLIST_FILE = HCKitDemo/Info.plist;
				LD_RUNPATH_SEARCH_PATHS = "$(inherited) @executable_path/Frameworks";
				PRODUCT_NAME = "$(TARGET_NAME)";
			};
			name = Debug;
		};
		BF49A0301ACF6D8A006DACF4 /* Release */ = {
			isa = XCBuildConfiguration;
			baseConfigurationReference = 0EB15A0EE5279A583128D2AA /* Pods-HCKitDemo.release.xcconfig */;
			buildSettings = {
				ASSETCATALOG_COMPILER_APPICON_NAME = AppIcon;
				INFOPLIST_FILE = HCKitDemo/Info.plist;
				LD_RUNPATH_SEARCH_PATHS = "$(inherited) @executable_path/Frameworks";
				PRODUCT_NAME = "$(TARGET_NAME)";
			};
			name = Release;
		};
		BF49A0321ACF6D8A006DACF4 /* Debug */ = {
			isa = XCBuildConfiguration;
			buildSettings = {
				BUNDLE_LOADER = "$(TEST_HOST)";
				FRAMEWORK_SEARCH_PATHS = (
					"$(SDKROOT)/Developer/Library/Frameworks",
					"$(inherited)",
				);
				GCC_PREPROCESSOR_DEFINITIONS = (
					"DEBUG=1",
					"$(inherited)",
				);
				INFOPLIST_FILE = HCKitDemoTests/Info.plist;
				LD_RUNPATH_SEARCH_PATHS = "$(inherited) @executable_path/Frameworks @loader_path/Frameworks";
				PRODUCT_NAME = "$(TARGET_NAME)";
				TEST_HOST = "$(BUILT_PRODUCTS_DIR)/HCKitDemo.app/HCKitDemo";
			};
			name = Debug;
		};
		BF49A0331ACF6D8A006DACF4 /* Release */ = {
			isa = XCBuildConfiguration;
			buildSettings = {
				BUNDLE_LOADER = "$(TEST_HOST)";
				FRAMEWORK_SEARCH_PATHS = (
					"$(SDKROOT)/Developer/Library/Frameworks",
					"$(inherited)",
				);
				INFOPLIST_FILE = HCKitDemoTests/Info.plist;
				LD_RUNPATH_SEARCH_PATHS = "$(inherited) @executable_path/Frameworks @loader_path/Frameworks";
				PRODUCT_NAME = "$(TARGET_NAME)";
				TEST_HOST = "$(BUILT_PRODUCTS_DIR)/HCKitDemo.app/HCKitDemo";
			};
			name = Release;
		};
/* End XCBuildConfiguration section */

/* Begin XCConfigurationList section */
		BF49A0061ACF6D8A006DACF4 /* Build configuration list for PBXProject "HCKitDemo" */ = {
			isa = XCConfigurationList;
			buildConfigurations = (
				BF49A02C1ACF6D8A006DACF4 /* Debug */,
				BF49A02D1ACF6D8A006DACF4 /* Release */,
			);
			defaultConfigurationIsVisible = 0;
			defaultConfigurationName = Release;
		};
		BF49A02E1ACF6D8A006DACF4 /* Build configuration list for PBXNativeTarget "HCKitDemo" */ = {
			isa = XCConfigurationList;
			buildConfigurations = (
				BF49A02F1ACF6D8A006DACF4 /* Debug */,
				BF49A0301ACF6D8A006DACF4 /* Release */,
			);
			defaultConfigurationIsVisible = 0;
			defaultConfigurationName = Release;
		};
		BF49A0311ACF6D8A006DACF4 /* Build configuration list for PBXNativeTarget "HCKitDemoTests" */ = {
			isa = XCConfigurationList;
			buildConfigurations = (
				BF49A0321ACF6D8A006DACF4 /* Debug */,
				BF49A0331ACF6D8A006DACF4 /* Release */,
			);
			defaultConfigurationIsVisible = 0;
			defaultConfigurationName = Release;
		};
/* End XCConfigurationList section */
	};
	rootObject = BF49A0031ACF6D8A006DACF4 /* Project object */;
}
